
Microsoft Visual Studio Solution File, Format Version 12.00
# Visual Studio Version 17
VisualStudioVersion = 17.14.36301.6
MinimumVisualStudioVersion = 10.0.40219.1
Project("{FAE04EC0-301F-11D3-BF4B-00C04F79EFBC}") = "OrdersApi", "OrdersApi\OrdersApi.csproj", "{2477D8F1-EBE2-4FA1-A94B-75E860472FB2}"
EndProject
Project("{FAE04EC0-301F-11D3-BF4B-00C04F79EFBC}") = "OrdersApi.UnitTests", "OrdersApi.UnitTests\OrdersApi.UnitTests.csproj", "{92F4D83F-8B3A-4E63-84F1-0C634EDE28F0}"
EndProject
Project("{FAE04EC0-301F-11D3-BF4B-00C04F79EFBC}") = "OrdersApi.Tests", "OrdersApi.Tests\OrdersApi.Tests.csproj", "{D1C950B6-1A57-4C3E-88B7-32726A51FFE9}"
EndProject
Global
	GlobalSection(SolutionConfigurationPlatforms) = preSolution
		Debug|Any CPU = Debug|Any CPU
		Release|Any CPU = Release|Any CPU
	EndGlobalSection
	GlobalSection(ProjectConfigurationPlatforms) = postSolution
		{2477D8F1-EBE2-4FA1-A94B-75E860472FB2}.Debug|Any CPU.ActiveCfg = Debug|Any CPU
		{2477D8F1-EBE2-4FA1-A94B-75E860472FB2}.Debug|Any CPU.Build.0 = Debug|Any CPU
		{2477D8F1-EBE2-4FA1-A94B-75E860472FB2}.Release|Any CPU.ActiveCfg = Release|Any CPU
		{2477D8F1-EBE2-4FA1-A94B-75E860472FB2}.Release|Any CPU.Build.0 = Release|Any CPU
		{92F4D83F-8B3A-4E63-84F1-0C634EDE28F0}.Debug|Any CPU.ActiveCfg = Debug|Any CPU
		{92F4D83F-8B3A-4E63-84F1-0C634EDE28F0}.Debug|Any CPU.Build.0 = Debug|Any CPU
		{92F4D83F-8B3A-4E63-84F1-0C634EDE28F0}.Release|Any CPU.ActiveCfg = Release|Any CPU
		{92F4D83F-8B3A-4E63-84F1-0C634EDE28F0}.Release|Any CPU.Build.0 = Release|Any CPU
		{D1C950B6-1A57-4C3E-88B7-32726A51FFE9}.Debug|Any CPU.ActiveCfg = Debug|Any CPU
		{D1C950B6-1A57-4C3E-88B7-32726A51FFE9}.Debug|Any CPU.Build.0 = Debug|Any CPU
		{D1C950B6-1A57-4C3E-88B7-32726A51FFE9}.Release|Any CPU.ActiveCfg = Release|Any CPU
		{D1C950B6-1A57-4C3E-88B7-32726A51FFE9}.Release|Any CPU.Build.0 = Release|Any CPU
	EndGlobalSection
	GlobalSection(SolutionProperties) = preSolution
		HideSolutionNode = FALSE
	EndGlobalSection
	GlobalSection(ExtensibilityGlobals) = postSolution
		SolutionGuid = {4059CE27-15A0-4963-B951-BFFDEBAE0D88}
	EndGlobalSection
EndGlobal
